
Microsoft Visual Studio Solution File, Format Version 12.00
# Visual Studio 14
VisualStudioVersion = 14.0.24720.0
MinimumVisualStudioVersion = 10.0.40219.1
Project("{FAE04EC0-301F-11D3-BF4B-00C04F79EFBC}") = "Botnet.net", "Botnet.net\Botnet.net.csproj", "{E5B7CB69-30BF-415D-8EB9-5D401915D071}"
EndProject
Project("{FAE04EC0-301F-11D3-BF4B-00C04F79EFBC}") = "BotLib", "BotLib\BotLib.csproj", "{07122C11-CEED-4F34-B4B9-A4CEA83C8B3B}"
EndProject
Project("{FAE04EC0-301F-11D3-BF4B-00C04F79EFBC}") = "Updater", "Updater\Updater.csproj", "{1D90B193-61C2-46FD-BB11-61627AA5E82C}"
EndProject
Project("{FAE04EC0-301F-11D3-BF4B-00C04F79EFBC}") = "Server", "Server\Server.csproj", "{48069ADA-7CEC-4C93-8A0E-964B55463A99}"
EndProject
Project("{FAE04EC0-301F-11D3-BF4B-00C04F79EFBC}") = "Setup", "Setup\Setup.csproj", "{9EFEBE72-A252-4F4A-B7E3-09516FD4E68C}"
EndProject
Global
	GlobalSection(SolutionConfigurationPlatforms) = preSolution
		Debug|Any CPU = Debug|Any CPU
		Release|Any CPU = Release|Any CPU
	EndGlobalSection
	GlobalSection(ProjectConfigurationPlatforms) = postSolution
		{E5B7CB69-30BF-415D-8EB9-5D401915D071}.Debug|Any CPU.ActiveCfg = Debug|Any CPU
		{E5B7CB69-30BF-415D-8EB9-5D401915D071}.Debug|Any CPU.Build.0 = Debug|Any CPU
		{E5B7CB69-30BF-415D-8EB9-5D401915D071}.Release|Any CPU.ActiveCfg = Release|Any CPU
		{E5B7CB69-30BF-415D-8EB9-5D401915D071}.Release|Any CPU.Build.0 = Release|Any CPU
		{07122C11-CEED-4F34-B4B9-A4CEA83C8B3B}.Debug|Any CPU.ActiveCfg = Debug|Any CPU
		{07122C11-CEED-4F34-B4B9-A4CEA83C8B3B}.Debug|Any CPU.Build.0 = Debug|Any CPU
		{07122C11-CEED-4F34-B4B9-A4CEA83C8B3B}.Release|Any CPU.ActiveCfg = Release|Any CPU
		{07122C11-CEED-4F34-B4B9-A4CEA83C8B3B}.Release|Any CPU.Build.0 = Release|Any CPU
		{1D90B193-61C2-46FD-BB11-61627AA5E82C}.Debug|Any CPU.ActiveCfg = Debug|Any CPU
		{1D90B193-61C2-46FD-BB11-61627AA5E82C}.Debug|Any CPU.Build.0 = Debug|Any CPU
		{1D90B193-61C2-46FD-BB11-61627AA5E82C}.Release|Any CPU.ActiveCfg = Release|Any CPU
		{1D90B193-61C2-46FD-BB11-61627AA5E82C}.Release|Any CPU.Build.0 = Release|Any CPU
		{48069ADA-7CEC-4C93-8A0E-964B55463A99}.Debug|Any CPU.ActiveCfg = Debug|Any CPU
		{48069ADA-7CEC-4C93-8A0E-964B55463A99}.Debug|Any CPU.Build.0 = Debug|Any CPU
		{48069ADA-7CEC-4C93-8A0E-964B55463A99}.Release|Any CPU.ActiveCfg = Release|Any CPU
		{48069ADA-7CEC-4C93-8A0E-964B55463A99}.Release|Any CPU.Build.0 = Release|Any CPU
		{9EFEBE72-A252-4F4A-B7E3-09516FD4E68C}.Debug|Any CPU.ActiveCfg = Debug|Any CPU
		{9EFEBE72-A252-4F4A-B7E3-09516FD4E68C}.Debug|Any CPU.Build.0 = Debug|Any CPU
		{9EFEBE72-A252-4F4A-B7E3-09516FD4E68C}.Release|Any CPU.ActiveCfg = Release|Any CPU
		{9EFEBE72-A252-4F4A-B7E3-09516FD4E68C}.Release|Any CPU.Build.0 = Release|Any CPU
	EndGlobalSection
	GlobalSection(SolutionProperties) = preSolution
		HideSolutionNode = FALSE
	EndGlobalSection
EndGlobal
