
Microsoft Visual Studio Solution File, Format Version 12.00
# Visual Studio 14
VisualStudioVersion = 14.0.24720.0
MinimumVisualStudioVersion = 10.0.40219.1
Project("{FAE04EC0-301F-11D3-BF4B-00C04F79EFBC}") = "Botnet.net", "Botnet.net\Botnet.net.csproj", "{E5B7CB69-30BF-415D-8EB9-5D401915D071}"
EndProject
Global
	GlobalSection(SolutionConfigurationPlatforms) = preSolution
		Debug|Any CPU = Debug|Any CPU
		Release|Any CPU = Release|Any CPU
	EndGlobalSection
	GlobalSection(ProjectConfigurationPlatforms) = postSolution
		{E5B7CB69-30BF-415D-8EB9-5D401915D071}.Debug|Any CPU.ActiveCfg = Debug|Any CPU
		{E5B7CB69-30BF-415D-8EB9-5D401915D071}.Debug|Any CPU.Build.0 = Debug|Any CPU
		{E5B7CB69-30BF-415D-8EB9-5D401915D071}.Release|Any CPU.ActiveCfg = Release|Any CPU
		{E5B7CB69-30BF-415D-8EB9-5D401915D071}.Release|Any CPU.Build.0 = Release|Any CPU
	EndGlobalSection
	GlobalSection(SolutionProperties) = preSolution
		HideSolutionNode = FALSE
	EndGlobalSection
EndGlobal
